
Microsoft Visual Studio Solution File, Format Version 12.00
# Visual Studio 2013
VisualStudioVersion = 12.0.31101.0
MinimumVisualStudioVersion = 10.0.40219.1
Project("{FAE04EC0-301F-11D3-BF4B-00C04F79EFBC}") = "OwinConsole", "OwinProjekt\OwinConsole.csproj", "{30C4D375-55DA-4183-9C69-25E01DE1EE97}"
EndProject
Project("{FAE04EC0-301F-11D3-BF4B-00C04F79EFBC}") = "FromEmptyMvc", "FromEmptyMvc\FromEmptyMvc.csproj", "{604D4053-E51D-416F-8ACA-DEAD798FB748}"
EndProject
Project("{FAE04EC0-301F-11D3-BF4B-00C04F79EFBC}") = "WebApiSecurity", "WebApiSecurity\WebApiSecurity.csproj", "{515EBAA3-BB22-4839-A6E3-E1608E0D58EF}"
EndProject
Global
	GlobalSection(SolutionConfigurationPlatforms) = preSolution
		Debug|Any CPU = Debug|Any CPU
		Release|Any CPU = Release|Any CPU
	EndGlobalSection
	GlobalSection(ProjectConfigurationPlatforms) = postSolution
		{30C4D375-55DA-4183-9C69-25E01DE1EE97}.Debug|Any CPU.ActiveCfg = Debug|Any CPU
		{30C4D375-55DA-4183-9C69-25E01DE1EE97}.Debug|Any CPU.Build.0 = Debug|Any CPU
		{30C4D375-55DA-4183-9C69-25E01DE1EE97}.Release|Any CPU.ActiveCfg = Release|Any CPU
		{30C4D375-55DA-4183-9C69-25E01DE1EE97}.Release|Any CPU.Build.0 = Release|Any CPU
		{604D4053-E51D-416F-8ACA-DEAD798FB748}.Debug|Any CPU.ActiveCfg = Debug|Any CPU
		{604D4053-E51D-416F-8ACA-DEAD798FB748}.Debug|Any CPU.Build.0 = Debug|Any CPU
		{604D4053-E51D-416F-8ACA-DEAD798FB748}.Release|Any CPU.ActiveCfg = Release|Any CPU
		{604D4053-E51D-416F-8ACA-DEAD798FB748}.Release|Any CPU.Build.0 = Release|Any CPU
		{515EBAA3-BB22-4839-A6E3-E1608E0D58EF}.Debug|Any CPU.ActiveCfg = Debug|Any CPU
		{515EBAA3-BB22-4839-A6E3-E1608E0D58EF}.Debug|Any CPU.Build.0 = Debug|Any CPU
		{515EBAA3-BB22-4839-A6E3-E1608E0D58EF}.Release|Any CPU.ActiveCfg = Release|Any CPU
		{515EBAA3-BB22-4839-A6E3-E1608E0D58EF}.Release|Any CPU.Build.0 = Release|Any CPU
	EndGlobalSection
	GlobalSection(SolutionProperties) = preSolution
		HideSolutionNode = FALSE
	EndGlobalSection
EndGlobal
